
Microsoft Visual Studio Solution File, Format Version 12.00
# Visual Studio 15
VisualStudioVersion = 15.0.28307.705
MinimumVisualStudioVersion = 10.0.40219.1
Project("{FAE04EC0-301F-11D3-BF4B-00C04F79EFBC}") = "ConsoleApp14", "ConsoleApp14\ConsoleApp14.csproj", "{EBA5A705-E1B9-45BB-A2A7-8622F89C3056}"
EndProject
Global
	GlobalSection(SolutionConfigurationPlatforms) = preSolution
		Debug|Any CPU = Debug|Any CPU
		Release|Any CPU = Release|Any CPU
	EndGlobalSection
	GlobalSection(ProjectConfigurationPlatforms) = postSolution
		{EBA5A705-E1B9-45BB-A2A7-8622F89C3056}.Debug|Any CPU.ActiveCfg = Debug|Any CPU
		{EBA5A705-E1B9-45BB-A2A7-8622F89C3056}.Debug|Any CPU.Build.0 = Debug|Any CPU
		{EBA5A705-E1B9-45BB-A2A7-8622F89C3056}.Release|Any CPU.ActiveCfg = Release|Any CPU
		{EBA5A705-E1B9-45BB-A2A7-8622F89C3056}.Release|Any CPU.Build.0 = Release|Any CPU
	EndGlobalSection
	GlobalSection(SolutionProperties) = preSolution
		HideSolutionNode = FALSE
	EndGlobalSection
	GlobalSection(ExtensibilityGlobals) = postSolution
		SolutionGuid = {18A25EC0-F3BF-4BA4-BE90-D8C96236F96B}
	EndGlobalSection
EndGlobal
